
Microsoft Visual Studio Solution File, Format Version 12.00
# Visual Studio 15
VisualStudioVersion = 15.0.26124.0
MinimumVisualStudioVersion = 15.0.26124.0
Project("{FAE04EC0-301F-11D3-BF4B-00C04F79EFBC}") = "CoberturaDeCodigo.App", "CoberturaDeCodigo.App\CoberturaDeCodigo.App.csproj", "{0EE94468-EB9F-443A-9854-E75169B59DF1}"
EndProject
Project("{FAE04EC0-301F-11D3-BF4B-00C04F79EFBC}") = "CoberturaDeCodigo.Testes", "CoberturaDeCodigo.Testes\CoberturaDeCodigo.Testes.csproj", "{60C2327D-CDDB-486D-87D1-DCBBA02B851E}"
EndProject
Global
	GlobalSection(SolutionConfigurationPlatforms) = preSolution
		Debug|Any CPU = Debug|Any CPU
		Debug|x64 = Debug|x64
		Debug|x86 = Debug|x86
		Release|Any CPU = Release|Any CPU
		Release|x64 = Release|x64
		Release|x86 = Release|x86
	EndGlobalSection
	GlobalSection(SolutionProperties) = preSolution
		HideSolutionNode = FALSE
	EndGlobalSection
	GlobalSection(ProjectConfigurationPlatforms) = postSolution
		{0EE94468-EB9F-443A-9854-E75169B59DF1}.Debug|Any CPU.ActiveCfg = Debug|Any CPU
		{0EE94468-EB9F-443A-9854-E75169B59DF1}.Debug|Any CPU.Build.0 = Debug|Any CPU
		{0EE94468-EB9F-443A-9854-E75169B59DF1}.Debug|x64.ActiveCfg = Debug|Any CPU
		{0EE94468-EB9F-443A-9854-E75169B59DF1}.Debug|x64.Build.0 = Debug|Any CPU
		{0EE94468-EB9F-443A-9854-E75169B59DF1}.Debug|x86.ActiveCfg = Debug|Any CPU
		{0EE94468-EB9F-443A-9854-E75169B59DF1}.Debug|x86.Build.0 = Debug|Any CPU
		{0EE94468-EB9F-443A-9854-E75169B59DF1}.Release|Any CPU.ActiveCfg = Release|Any CPU
		{0EE94468-EB9F-443A-9854-E75169B59DF1}.Release|Any CPU.Build.0 = Release|Any CPU
		{0EE94468-EB9F-443A-9854-E75169B59DF1}.Release|x64.ActiveCfg = Release|Any CPU
		{0EE94468-EB9F-443A-9854-E75169B59DF1}.Release|x64.Build.0 = Release|Any CPU
		{0EE94468-EB9F-443A-9854-E75169B59DF1}.Release|x86.ActiveCfg = Release|Any CPU
		{0EE94468-EB9F-443A-9854-E75169B59DF1}.Release|x86.Build.0 = Release|Any CPU
		{60C2327D-CDDB-486D-87D1-DCBBA02B851E}.Debug|Any CPU.ActiveCfg = Debug|Any CPU
		{60C2327D-CDDB-486D-87D1-DCBBA02B851E}.Debug|Any CPU.Build.0 = Debug|Any CPU
		{60C2327D-CDDB-486D-87D1-DCBBA02B851E}.Debug|x64.ActiveCfg = Debug|Any CPU
		{60C2327D-CDDB-486D-87D1-DCBBA02B851E}.Debug|x64.Build.0 = Debug|Any CPU
		{60C2327D-CDDB-486D-87D1-DCBBA02B851E}.Debug|x86.ActiveCfg = Debug|Any CPU
		{60C2327D-CDDB-486D-87D1-DCBBA02B851E}.Debug|x86.Build.0 = Debug|Any CPU
		{60C2327D-CDDB-486D-87D1-DCBBA02B851E}.Release|Any CPU.ActiveCfg = Release|Any CPU
		{60C2327D-CDDB-486D-87D1-DCBBA02B851E}.Release|Any CPU.Build.0 = Release|Any CPU
		{60C2327D-CDDB-486D-87D1-DCBBA02B851E}.Release|x64.ActiveCfg = Release|Any CPU
		{60C2327D-CDDB-486D-87D1-DCBBA02B851E}.Release|x64.Build.0 = Release|Any CPU
		{60C2327D-CDDB-486D-87D1-DCBBA02B851E}.Release|x86.ActiveCfg = Release|Any CPU
		{60C2327D-CDDB-486D-87D1-DCBBA02B851E}.Release|x86.Build.0 = Release|Any CPU
	EndGlobalSection
EndGlobal
